
Microsoft Visual Studio Solution File, Format Version 12.00
# Visual Studio Version 17
VisualStudioVersion = 17.9.34616.47
MinimumVisualStudioVersion = 10.0.40219.1
Project("{FAE04EC0-301F-11D3-BF4B-00C04F79EFBC}") = "ChatAppSignalR", "ChatAppSignalR\ChatAppSignalR.csproj", "{E77D6EF4-50DF-4E89-9B85-D1E76996DAD0}"
EndProject
Global
	GlobalSection(SolutionConfigurationPlatforms) = preSolution
		Debug|Any CPU = Debug|Any CPU
		Release|Any CPU = Release|Any CPU
	EndGlobalSection
	GlobalSection(ProjectConfigurationPlatforms) = postSolution
		{E77D6EF4-50DF-4E89-9B85-D1E76996DAD0}.Debug|Any CPU.ActiveCfg = Debug|Any CPU
		{E77D6EF4-50DF-4E89-9B85-D1E76996DAD0}.Debug|Any CPU.Build.0 = Debug|Any CPU
		{E77D6EF4-50DF-4E89-9B85-D1E76996DAD0}.Release|Any CPU.ActiveCfg = Release|Any CPU
		{E77D6EF4-50DF-4E89-9B85-D1E76996DAD0}.Release|Any CPU.Build.0 = Release|Any CPU
	EndGlobalSection
	GlobalSection(SolutionProperties) = preSolution
		HideSolutionNode = FALSE
	EndGlobalSection
	GlobalSection(ExtensibilityGlobals) = postSolution
		SolutionGuid = {BA6A99D3-E714-4C66-80C3-F03176EBF456}
	EndGlobalSection
EndGlobal
